# This file is automatically @generated by Cargo.
# It is not intended for manual editing.
version = 4

[[package]]
name = "input"
version = "0.1.0"

[[package]]
name = "jcs"
version = "0.1.0"

[[package]]
name = "opticaltracking"
version = "0.1.0"

[[package]]
name = "plot"
version = "0.1.0"

[[package]]
name = "post_process"
version = "0.1.0"

[[package]]
name = "pre_process"
version = "0.1.0"
